
Microsoft Visual Studio Solution File, Format Version 12.00
# Visual Studio Version 17
VisualStudioVersion = 17.10.34916.146
MinimumVisualStudioVersion = 10.0.40219.1
Project("{8BC9CEB8-8B4A-11D0-8D11-00A0C91BC942}") = "Process Synchronization Mechanisms with Random Job Generation", "Process Synchronization Mechanisms with Random Job Generation.vcxproj", "{42B48B0B-D56E-425D-9C15-A279AF28A30B}"
EndProject
Global
	GlobalSection(SolutionConfigurationPlatforms) = preSolution
		Debug|x64 = Debug|x64
		Debug|x86 = Debug|x86
		Release|x64 = Release|x64
		Release|x86 = Release|x86
	EndGlobalSection
	GlobalSection(ProjectConfigurationPlatforms) = postSolution
		{42B48B0B-D56E-425D-9C15-A279AF28A30B}.Debug|x64.ActiveCfg = Debug|x64
		{42B48B0B-D56E-425D-9C15-A279AF28A30B}.Debug|x64.Build.0 = Debug|x64
		{42B48B0B-D56E-425D-9C15-A279AF28A30B}.Debug|x86.ActiveCfg = Debug|Win32
		{42B48B0B-D56E-425D-9C15-A279AF28A30B}.Debug|x86.Build.0 = Debug|Win32
		{42B48B0B-D56E-425D-9C15-A279AF28A30B}.Release|x64.ActiveCfg = Release|x64
		{42B48B0B-D56E-425D-9C15-A279AF28A30B}.Release|x64.Build.0 = Release|x64
		{42B48B0B-D56E-425D-9C15-A279AF28A30B}.Release|x86.ActiveCfg = Release|Win32
		{42B48B0B-D56E-425D-9C15-A279AF28A30B}.Release|x86.Build.0 = Release|Win32
	EndGlobalSection
	GlobalSection(SolutionProperties) = preSolution
		HideSolutionNode = FALSE
	EndGlobalSection
	GlobalSection(ExtensibilityGlobals) = postSolution
		SolutionGuid = {3F27BA10-2D4E-4BB7-9FAB-FDF8A02A9246}
	EndGlobalSection
EndGlobal
